
Microsoft Visual Studio Solution File, Format Version 12.00
# Visual Studio Version 17
VisualStudioVersion = 17.0.31903.59
MinimumVisualStudioVersion = 10.0.40219.1
Project("{2150E333-8FDC-42A3-9474-1A3956D46DE8}") = "src", "src", "{1E510EB2-DC08-4952-8D57-2D630F97379A}"
EndProject
Project("{FAE04EC0-301F-11D3-BF4B-00C04F79EFBC}") = "ExampleApp.Domain", "src\ExampleApp.Domain\ExampleApp.Domain.csproj", "{C624A0A3-5DAF-4061-AADE-5DAFC6EB2100}"
EndProject
Project("{FAE04EC0-301F-11D3-BF4B-00C04F79EFBC}") = "ExampleApp.Application", "src\ExampleApp.Application\ExampleApp.Application.csproj", "{91C76E99-F57A-4EB4-8B59-2C7F7893A2EF}"
EndProject
Project("{FAE04EC0-301F-11D3-BF4B-00C04F79EFBC}") = "ExampleApp.Infrastructure", "src\ExampleApp.Infrastructure\ExampleApp.Infrastructure.csproj", "{7050D006-AFA4-4DB4-880D-A1B433728403}"
EndProject
Global
	GlobalSection(SolutionConfigurationPlatforms) = preSolution
		Debug|Any CPU = Debug|Any CPU
		Release|Any CPU = Release|Any CPU
	EndGlobalSection
	GlobalSection(SolutionProperties) = preSolution
		HideSolutionNode = FALSE
	EndGlobalSection
	GlobalSection(ProjectConfigurationPlatforms) = postSolution
		{C624A0A3-5DAF-4061-AADE-5DAFC6EB2100}.Debug|Any CPU.ActiveCfg = Debug|Any CPU
		{C624A0A3-5DAF-4061-AADE-5DAFC6EB2100}.Debug|Any CPU.Build.0 = Debug|Any CPU
		{C624A0A3-5DAF-4061-AADE-5DAFC6EB2100}.Release|Any CPU.ActiveCfg = Release|Any CPU
		{C624A0A3-5DAF-4061-AADE-5DAFC6EB2100}.Release|Any CPU.Build.0 = Release|Any CPU
		{91C76E99-F57A-4EB4-8B59-2C7F7893A2EF}.Debug|Any CPU.ActiveCfg = Debug|Any CPU
		{91C76E99-F57A-4EB4-8B59-2C7F7893A2EF}.Debug|Any CPU.Build.0 = Debug|Any CPU
		{91C76E99-F57A-4EB4-8B59-2C7F7893A2EF}.Release|Any CPU.ActiveCfg = Release|Any CPU
		{91C76E99-F57A-4EB4-8B59-2C7F7893A2EF}.Release|Any CPU.Build.0 = Release|Any CPU
		{7050D006-AFA4-4DB4-880D-A1B433728403}.Debug|Any CPU.ActiveCfg = Debug|Any CPU
		{7050D006-AFA4-4DB4-880D-A1B433728403}.Debug|Any CPU.Build.0 = Debug|Any CPU
		{7050D006-AFA4-4DB4-880D-A1B433728403}.Release|Any CPU.ActiveCfg = Release|Any CPU
		{7050D006-AFA4-4DB4-880D-A1B433728403}.Release|Any CPU.Build.0 = Release|Any CPU
	EndGlobalSection
	GlobalSection(NestedProjects) = preSolution
		{C624A0A3-5DAF-4061-AADE-5DAFC6EB2100} = {1E510EB2-DC08-4952-8D57-2D630F97379A}
		{91C76E99-F57A-4EB4-8B59-2C7F7893A2EF} = {1E510EB2-DC08-4952-8D57-2D630F97379A}
		{7050D006-AFA4-4DB4-880D-A1B433728403} = {1E510EB2-DC08-4952-8D57-2D630F97379A}
	EndGlobalSection
EndGlobal
